
Microsoft Visual Studio Solution File, Format Version 12.00
# Visual Studio Version 17
VisualStudioVersion = 17.5.33627.172
MinimumVisualStudioVersion = 10.0.40219.1
Project("{8BC9CEB8-8B4A-11D0-8D11-00A0C91BC942}") = "binaryrseacrhtree_083", "binaryrseacrhtree_083\binaryrseacrhtree_083.vcxproj", "{1AD2458F-E902-4205-96FF-0DD4B18F13B8}"
EndProject
Global
	GlobalSection(SolutionConfigurationPlatforms) = preSolution
		Debug|x64 = Debug|x64
		Debug|x86 = Debug|x86
		Release|x64 = Release|x64
		Release|x86 = Release|x86
	EndGlobalSection
	GlobalSection(ProjectConfigurationPlatforms) = postSolution
		{1AD2458F-E902-4205-96FF-0DD4B18F13B8}.Debug|x64.ActiveCfg = Debug|x64
		{1AD2458F-E902-4205-96FF-0DD4B18F13B8}.Debug|x64.Build.0 = Debug|x64
		{1AD2458F-E902-4205-96FF-0DD4B18F13B8}.Debug|x86.ActiveCfg = Debug|Win32
		{1AD2458F-E902-4205-96FF-0DD4B18F13B8}.Debug|x86.Build.0 = Debug|Win32
		{1AD2458F-E902-4205-96FF-0DD4B18F13B8}.Release|x64.ActiveCfg = Release|x64
		{1AD2458F-E902-4205-96FF-0DD4B18F13B8}.Release|x64.Build.0 = Release|x64
		{1AD2458F-E902-4205-96FF-0DD4B18F13B8}.Release|x86.ActiveCfg = Release|Win32
		{1AD2458F-E902-4205-96FF-0DD4B18F13B8}.Release|x86.Build.0 = Release|Win32
	EndGlobalSection
	GlobalSection(SolutionProperties) = preSolution
		HideSolutionNode = FALSE
	EndGlobalSection
	GlobalSection(ExtensibilityGlobals) = postSolution
		SolutionGuid = {F1A84B3B-4E73-41A0-BFF6-883E46F26E9A}
	EndGlobalSection
EndGlobal
